github.com/gorilla/mux v1.7.4 h1:VuZ8uybHlWmqV03+zRzdwKL4tUnIp1MAQtp1mIFE1bc=
github.com/gorilla/mux v1.7.4/go.mod h1:DVbg23sWSpFRCP0SfiEN6jmj59UnW/n46BH5rLB71So=
github.com/medenzon/gobadge v0.0.0-20200417064556-23179268fbe3 h1:mQpF5ykMLZFfLCXHJ2gaG9JR1TMjio0oSUf8IiffdSk=
github.com/medenzon/gobadge v0.0.0-20200417064556-23179268fbe3/go.mod h1:x+dFccHBHGLXf944J61QMMxYWZvz5D66aaj2Vk/WZIo=
